// !$*UTF8*$!
{
	archiveVersion = 1;
	classes = {
	};
	objectVersion = 46;
	objects = {

/* Begin PBXGroup section */
		07A548B51E7C577F00A6C4A1 = {
			isa = PBXGroup;
			children = (
			);
			sourceTree = "<group>";
		};
/* End PBXGroup section */

/* Begin PBXProject section */
		07A548B61E7C577F00A6C4A1 /* Project object */ = {
			isa = PBXProject;
			attributes = {
				LastUpgradeCheck = 0820;
			};
			buildConfigurationList = 07A548B91E7C577F00A6C4A1 /* Build configuration list for PBXProject "Baxter" */;
			compatibilityVersion = "Xcode 3.2";
			developmentRegion = English;
			hasScannedForEncodings = 0;
			knownRegions = (
				en,
			);
			mainGroup = 07A548B51E7C577F00A6C4A1;
			projectDirPath = "";
			projectRoot = "";
			targets = (
			);
		};
/* End PBXProject section */

/* Begin XCBuildConfiguration section */
		07A548BA1E7C577F00A6C4A1 /* Debug */ = {
			isa = XCBuildConfiguration;
			buildSettings = {
			};
			name = Debug;
		};
		07A548BB1E7C577F00A6C4A1 /* Release */ = {
			isa = XCBuildConfiguration;
			buildSettings = {
			};
			name = Release;
		};
/* End XCBuildConfiguration section */

/* Begin XCConfigurationList section */
		07A548B91E7C577F00A6C4A1 /* Build configuration list for PBXProject "Baxter" */ = {
			isa = XCConfigurationList;
			buildConfigurations = (
				07A548BA1E7C577F00A6C4A1 /* Debug */,
				07A548BB1E7C577F00A6C4A1 /* Release */,
			);
			defaultConfigurationIsVisible = 0;
			defaultConfigurationName = Release;
		};
/* End XCConfigurationList section */
	};
	rootObject = 07A548B61E7C577F00A6C4A1 /* Project object */;
}
